{
  "name": "store js cart and products",
  "lockfileVersion": 2,
  "requires": true,
  "packages": {
    "": {
      "dependencies": {
        "js-image-zoom": "^0.7.0",
        "vanilla-tilt": "^1.8.0"
      }
    },
    "node_modules/js-image-zoom": {
      "version": "0.7.0",
      "resolved": "https://registry.npmjs.org/js-image-zoom/-/js-image-zoom-0.7.0.tgz",
      "integrity": "sha512-csvn2FmRLjVz5O9AtXGRPKy0Khfcf5n2Vuyg1NyOVylcjzJ6IKN60JmZ/d5rVQvMya9V6tqAaCqj/c20PlUYpQ==",
      "engines": {
        "node": ">=0.8.0"
      }
    },
    "node_modules/vanilla-tilt": {
      "version": "1.8.0",
      "resolved": "https://registry.npmjs.org/vanilla-tilt/-/vanilla-tilt-1.8.0.tgz",
      "integrity": "sha512-wVCHyyfRuiRdKhDTNxKPb60lkagmywDSqLgFETEr71Sm646AvGxuf/14Kx9A8FaISyYvMoKQHk6FTqt+YLGhEw=="
    }
  },
  "dependencies": {
    "js-image-zoom": {
      "version": "0.7.0",
      "resolved": "https://registry.npmjs.org/js-image-zoom/-/js-image-zoom-0.7.0.tgz",
      "integrity": "sha512-csvn2FmRLjVz5O9AtXGRPKy0Khfcf5n2Vuyg1NyOVylcjzJ6IKN60JmZ/d5rVQvMya9V6tqAaCqj/c20PlUYpQ=="
    },
    "vanilla-tilt": {
      "version": "1.8.0",
      "resolved": "https://registry.npmjs.org/vanilla-tilt/-/vanilla-tilt-1.8.0.tgz",
      "integrity": "sha512-wVCHyyfRuiRdKhDTNxKPb60lkagmywDSqLgFETEr71Sm646AvGxuf/14Kx9A8FaISyYvMoKQHk6FTqt+YLGhEw=="
    }
  }
}
